
Microsoft Visual Studio Solution File, Format Version 12.00
# Visual Studio Version 17
VisualStudioVersion = 17.0.32112.339
MinimumVisualStudioVersion = 10.0.40219.1
Project("{FAE04EC0-301F-11D3-BF4B-00C04F79EFBC}") = "KafkaExample.Api", "KafkaExample.Api\KafkaExample.Api.csproj", "{008993D4-09A2-46C9-A934-06F239B4A883}"
EndProject
Project("{2150E333-8FDC-42A3-9474-1A3956D46DE8}") = "1 - Presentation", "1 - Presentation", "{5A0F0668-1704-4DE1-A1D3-CE961425C825}"
EndProject
Project("{2150E333-8FDC-42A3-9474-1A3956D46DE8}") = "2 - Domain", "2 - Domain", "{F35E1AD4-F45C-464F-A0D0-8F14E807706B}"
EndProject
Project("{FAE04EC0-301F-11D3-BF4B-00C04F79EFBC}") = "KafkaExample.Domain", "KafkaExample.Domain\KafkaExample.Domain.csproj", "{EEEBA8E6-756D-4D2F-9F13-25CB2CBEBEEB}"
EndProject
Global
	GlobalSection(SolutionConfigurationPlatforms) = preSolution
		Debug|Any CPU = Debug|Any CPU
		Release|Any CPU = Release|Any CPU
	EndGlobalSection
	GlobalSection(ProjectConfigurationPlatforms) = postSolution
		{008993D4-09A2-46C9-A934-06F239B4A883}.Debug|Any CPU.ActiveCfg = Debug|Any CPU
		{008993D4-09A2-46C9-A934-06F239B4A883}.Debug|Any CPU.Build.0 = Debug|Any CPU
		{008993D4-09A2-46C9-A934-06F239B4A883}.Release|Any CPU.ActiveCfg = Release|Any CPU
		{008993D4-09A2-46C9-A934-06F239B4A883}.Release|Any CPU.Build.0 = Release|Any CPU
		{EEEBA8E6-756D-4D2F-9F13-25CB2CBEBEEB}.Debug|Any CPU.ActiveCfg = Debug|Any CPU
		{EEEBA8E6-756D-4D2F-9F13-25CB2CBEBEEB}.Debug|Any CPU.Build.0 = Debug|Any CPU
		{EEEBA8E6-756D-4D2F-9F13-25CB2CBEBEEB}.Release|Any CPU.ActiveCfg = Release|Any CPU
		{EEEBA8E6-756D-4D2F-9F13-25CB2CBEBEEB}.Release|Any CPU.Build.0 = Release|Any CPU
	EndGlobalSection
	GlobalSection(SolutionProperties) = preSolution
		HideSolutionNode = FALSE
	EndGlobalSection
	GlobalSection(NestedProjects) = preSolution
		{008993D4-09A2-46C9-A934-06F239B4A883} = {5A0F0668-1704-4DE1-A1D3-CE961425C825}
		{EEEBA8E6-756D-4D2F-9F13-25CB2CBEBEEB} = {F35E1AD4-F45C-464F-A0D0-8F14E807706B}
	EndGlobalSection
	GlobalSection(ExtensibilityGlobals) = postSolution
		SolutionGuid = {BD63D99B-6753-479D-B959-292ADAF63BD9}
	EndGlobalSection
EndGlobal
